// !$*UTF8*$!
{
	archiveVersion = 1;
	classes = {
	};
	objectVersion = 50;
	objects = {

/* Begin PBXBuildFile section */
		6CBFCB9C24C0746D002415DF /* AppDelegate.swift in Sources */ = {isa = PBXBuildFile; fileRef = 6CBFCB9B24C0746D002415DF /* AppDelegate.swift */; };
		6CBFCB9E24C0746D002415DF /* SceneDelegate.swift in Sources */ = {isa = PBXBuildFile; fileRef = 6CBFCB9D24C0746D002415DF /* SceneDelegate.swift */; };
		6CBFCBA024C0746D002415DF /* ViewController.swift in Sources */ = {isa = PBXBuildFile; fileRef = 6CBFCB9F24C0746D002415DF /* ViewController.swift */; };
		6CBFCBA324C0746D002415DF /* Main.storyboard in Resources */ = {isa = PBXBuildFile; fileRef = 6CBFCBA124C0746D002415DF /* Main.storyboard */; };
		6CBFCBA524C07473002415DF /* Assets.xcassets in Resources */ = {isa = PBXBuildFile; fileRef = 6CBFCBA424C07473002415DF /* Assets.xcassets */; };
		6CBFCBA824C07473002415DF /* LaunchScreen.storyboard in Resources */ = {isa = PBXBuildFile; fileRef = 6CBFCBA624C07473002415DF /* LaunchScreen.storyboard */; };
/* End PBXBuildFile section */

/* Begin PBXFileReference section */
		6CBFCB9824C0746D002415DF /* SampleProject-RxSwift.app */ = {isa = PBXFileReference; explicitFileType = wrapper.application; includeInIndex = 0; path = "SampleProject-RxSwift.app"; sourceTree = BUILT_PRODUCTS_DIR; };
		6CBFCB9B24C0746D002415DF /* AppDelegate.swift */ = {isa = PBXFileReference; lastKnownFileType = sourcecode.swift; path = AppDelegate.swift; sourceTree = "<group>"; };
		6CBFCB9D24C0746D002415DF /* SceneDelegate.swift */ = {isa = PBXFileReference; lastKnownFileType = sourcecode.swift; path = SceneDelegate.swift; sourceTree = "<group>"; };
		6CBFCB9F24C0746D002415DF /* ViewController.swift */ = {isa = PBXFileReference; lastKnownFileType = sourcecode.swift; path = ViewController.swift; sourceTree = "<group>"; };
		6CBFCBA224C0746D002415DF /* Base */ = {isa = PBXFileReference; lastKnownFileType = file.storyboard; name = Base; path = Base.lproj/Main.storyboard; sourceTree = "<group>"; };
		6CBFCBA424C07473002415DF /* Assets.xcassets */ = {isa = PBXFileReference; lastKnownFileType = folder.assetcatalog; path = Assets.xcassets; sourceTree = "<group>"; };
		6CBFCBA724C07473002415DF /* Base */ = {isa = PBXFileReference; lastKnownFileType = file.storyboard; name = Base; path = Base.lproj/LaunchScreen.storyboard; sourceTree = "<group>"; };
		6CBFCBA924C07473002415DF /* Info.plist */ = {isa = PBXFileReference; lastKnownFileType = text.plist.xml; path = Info.plist; sourceTree = "<group>"; };
/* End PBXFileReference section */

/* Begin PBXFrameworksBuildPhase section */
		6CBFCB9524C0746D002415DF /* Frameworks */ = {
			isa = PBXFrameworksBuildPhase;
			buildActionMask = 2147483647;
			files = (
			);
			runOnlyForDeploymentPostprocessing = 0;
		};
/* End PBXFrameworksBuildPhase section */

/* Begin PBXGroup section */
		6CBFCB8F24C0746D002415DF = {
			isa = PBXGroup;
			children = (
				6CBFCB9A24C0746D002415DF /* SampleProject-RxSwift */,
				6CBFCB9924C0746D002415DF /* Products */,
			);
			sourceTree = "<group>";
		};
		6CBFCB9924C0746D002415DF /* Products */ = {
			isa = PBXGroup;
			children = (
				6CBFCB9824C0746D002415DF /* SampleProject-RxSwift.app */,
			);
			name = Products;
			sourceTree = "<group>";
		};
		6CBFCB9A24C0746D002415DF /* SampleProject-RxSwift */ = {
			isa = PBXGroup;
			children = (
				6CBFCB9B24C0746D002415DF /* AppDelegate.swift */,
				6CBFCB9D24C0746D002415DF /* SceneDelegate.swift */,
				6CBFCB9F24C0746D002415DF /* ViewController.swift */,
				6CBFCBA124C0746D002415DF /* Main.storyboard */,
				6CBFCBA424C07473002415DF /* Assets.xcassets */,
				6CBFCBA624C07473002415DF /* LaunchScreen.storyboard */,
				6CBFCBA924C07473002415DF /* Info.plist */,
			);
			path = "SampleProject-RxSwift";
			sourceTree = "<group>";
		};
/* End PBXGroup section */

/* Begin PBXNativeTarget section */
		6CBFCB9724C0746D002415DF /* SampleProject-RxSwift */ = {
			isa = PBXNativeTarget;
			buildConfigurationList = 6CBFCBAC24C07473002415DF /* Build configuration list for PBXNativeTarget "SampleProject-RxSwift" */;
			buildPhases = (
				6CBFCB9424C0746D002415DF /* Sources */,
				6CBFCB9524C0746D002415DF /* Frameworks */,
				6CBFCB9624C0746D002415DF /* Resources */,
			);
			buildRules = (
			);
			dependencies = (
			);
			name = "SampleProject-RxSwift";
			productName = "SampleProject-RxSwift";
			productReference = 6CBFCB9824C0746D002415DF /* SampleProject-RxSwift.app */;
			productType = "com.apple.product-type.application";
		};
/* End PBXNativeTarget section */

/* Begin PBXProject section */
		6CBFCB9024C0746D002415DF /* Project object */ = {
			isa = PBXProject;
			attributes = {
				LastSwiftUpdateCheck = 1100;
				LastUpgradeCheck = 1100;
				ORGANIZATIONNAME = "Sakshi Jaiswal";
				TargetAttributes = {
					6CBFCB9724C0746D002415DF = {
						CreatedOnToolsVersion = 11.0;
					};
				};
			};
			buildConfigurationList = 6CBFCB9324C0746D002415DF /* Build configuration list for PBXProject "SampleProject-RxSwift" */;
			compatibilityVersion = "Xcode 9.3";
			developmentRegion = en;
			hasScannedForEncodings = 0;
			knownRegions = (
				en,
				Base,
			);
			mainGroup = 6CBFCB8F24C0746D002415DF;
			productRefGroup = 6CBFCB9924C0746D002415DF /* Products */;
			projectDirPath = "";
			projectRoot = "";
			targets = (
				6CBFCB9724C0746D002415DF /* SampleProject-RxSwift */,
			);
		};
/* End PBXProject section */

/* Begin PBXResourcesBuildPhase section */
		6CBFCB9624C0746D002415DF /* Resources */ = {
			isa = PBXResourcesBuildPhase;
			buildActionMask = 2147483647;
			files = (
				6CBFCBA824C07473002415DF /* LaunchScreen.storyboard in Resources */,
				6CBFCBA524C07473002415DF /* Assets.xcassets in Resources */,
				6CBFCBA324C0746D002415DF /* Main.storyboard in Resources */,
			);
			runOnlyForDeploymentPostprocessing = 0;
		};
/* End PBXResourcesBuildPhase section */

/* Begin PBXSourcesBuildPhase section */
		6CBFCB9424C0746D002415DF /* Sources */ = {
			isa = PBXSourcesBuildPhase;
			buildActionMask = 2147483647;
			files = (
				6CBFCBA024C0746D002415DF /* ViewController.swift in Sources */,
				6CBFCB9C24C0746D002415DF /* AppDelegate.swift in Sources */,
				6CBFCB9E24C0746D002415DF /* SceneDelegate.swift in Sources */,
			);
			runOnlyForDeploymentPostprocessing = 0;
		};
/* End PBXSourcesBuildPhase section */

/* Begin PBXVariantGroup section */
		6CBFCBA124C0746D002415DF /* Main.storyboard */ = {
			isa = PBXVariantGroup;
			children = (
				6CBFCBA224C0746D002415DF /* Base */,
			);
			name = Main.storyboard;
			sourceTree = "<group>";
		};
		6CBFCBA624C07473002415DF /* LaunchScreen.storyboard */ = {
			isa = PBXVariantGroup;
			children = (
				6CBFCBA724C07473002415DF /* Base */,
			);
			name = LaunchScreen.storyboard;
			sourceTree = "<group>";
		};
/* End PBXVariantGroup section */

/* Begin XCBuildConfiguration section */
		6CBFCBAA24C07473002415DF /* Debug */ = {
			isa = XCBuildConfiguration;
			buildSettings = {
				ALWAYS_SEARCH_USER_PATHS = NO;
				CLANG_ANALYZER_NONNULL = YES;
				CLANG_ANALYZER_NUMBER_OBJECT_CONVERSION = YES_AGGRESSIVE;
				CLANG_CXX_LANGUAGE_STANDARD = "gnu++14";
				CLANG_CXX_LIBRARY = "libc++";
				CLANG_ENABLE_MODULES = YES;
				CLANG_ENABLE_OBJC_ARC = YES;
				CLANG_ENABLE_OBJC_WEAK = YES;
				CLANG_WARN_BLOCK_CAPTURE_AUTORELEASING = YES;
				CLANG_WARN_BOOL_CONVERSION = YES;
				CLANG_WARN_COMMA = YES;
				CLANG_WARN_CONSTANT_CONVERSION = YES;
				CLANG_WARN_DEPRECATED_OBJC_IMPLEMENTATIONS = YES;
				CLANG_WARN_DIRECT_OBJC_ISA_USAGE = YES_ERROR;
				CLANG_WARN_DOCUMENTATION_COMMENTS = YES;
				CLANG_WARN_EMPTY_BODY = YES;
				CLANG_WARN_ENUM_CONVERSION = YES;
				CLANG_WARN_INFINITE_RECURSION = YES;
				CLANG_WARN_INT_CONVERSION = YES;
				CLANG_WARN_NON_LITERAL_NULL_CONVERSION = YES;
				CLANG_WARN_OBJC_IMPLICIT_RETAIN_SELF = YES;
				CLANG_WARN_OBJC_LITERAL_CONVERSION = YES;
				CLANG_WARN_OBJC_ROOT_CLASS = YES_ERROR;
				CLANG_WARN_RANGE_LOOP_ANALYSIS = YES;
				CLANG_WARN_STRICT_PROTOTYPES = YES;
				CLANG_WARN_SUSPICIOUS_MOVE = YES;
				CLANG_WARN_UNGUARDED_AVAILABILITY = YES_AGGRESSIVE;
				CLANG_WARN_UNREACHABLE_CODE = YES;
				CLANG_WARN__DUPLICATE_METHOD_MATCH = YES;
				COPY_PHASE_STRIP = NO;
				DEBUG_INFORMATION_FORMAT = dwarf;
				ENABLE_STRICT_OBJC_MSGSEND = YES;
				ENABLE_TESTABILITY = YES;
				GCC_C_LANGUAGE_STANDARD = gnu11;
				GCC_DYNAMIC_NO_PIC = NO;
				GCC_NO_COMMON_BLOCKS = YES;
				GCC_OPTIMIZATION_LEVEL = 0;
				GCC_PREPROCESSOR_DEFINITIONS = (
					"DEBUG=1",
					"$(inherited)",
				);
				GCC_WARN_64_TO_32_BIT_CONVERSION = YES;
				GCC_WARN_ABOUT_RETURN_TYPE = YES_ERROR;
				GCC_WARN_UNDECLARED_SELECTOR = YES;
				GCC_WARN_UNINITIALIZED_AUTOS = YES_AGGRESSIVE;
				GCC_WARN_UNUSED_FUNCTION = YES;
				GCC_WARN_UNUSED_VARIABLE = YES;
				IPHONEOS_DEPLOYMENT_TARGET = 13.0;
				MTL_ENABLE_DEBUG_INFO = INCLUDE_SOURCE;
				MTL_FAST_MATH = YES;
				ONLY_ACTIVE_ARCH = YES;
				SDKROOT = iphoneos;
				SWIFT_ACTIVE_COMPILATION_CONDITIONS = DEBUG;
				SWIFT_OPTIMIZATION_LEVEL = "-Onone";
			};
			name = Debug;
		};
		6CBFCBAB24C07473002415DF /* Release */ = {
			isa = XCBuildConfiguration;
			buildSettings = {
				ALWAYS_SEARCH_USER_PATHS = NO;
				CLANG_ANALYZER_NONNULL = YES;
				CLANG_ANALYZER_NUMBER_OBJECT_CONVERSION = YES_AGGRESSIVE;
				CLANG_CXX_LANGUAGE_STANDARD = "gnu++14";
				CLANG_CXX_LIBRARY = "libc++";
				CLANG_ENABLE_MODULES = YES;
				CLANG_ENABLE_OBJC_ARC = YES;
				CLANG_ENABLE_OBJC_WEAK = YES;
				CLANG_WARN_BLOCK_CAPTURE_AUTORELEASING = YES;
				CLANG_WARN_BOOL_CONVERSION = YES;
				CLANG_WARN_COMMA = YES;
				CLANG_WARN_CONSTANT_CONVERSION = YES;
				CLANG_WARN_DEPRECATED_OBJC_IMPLEMENTATIONS = YES;
				CLANG_WARN_DIRECT_OBJC_ISA_USAGE = YES_ERROR;
				CLANG_WARN_DOCUMENTATION_COMMENTS = YES;
				CLANG_WARN_EMPTY_BODY = YES;
				CLANG_WARN_ENUM_CONVERSION = YES;
				CLANG_WARN_INFINITE_RECURSION = YES;
				CLANG_WARN_INT_CONVERSION = YES;
				CLANG_WARN_NON_LITERAL_NULL_CONVERSION = YES;
				CLANG_WARN_OBJC_IMPLICIT_RETAIN_SELF = YES;
				CLANG_WARN_OBJC_LITERAL_CONVERSION = YES;
				CLANG_WARN_OBJC_ROOT_CLASS = YES_ERROR;
				CLANG_WARN_RANGE_LOOP_ANALYSIS = YES;
				CLANG_WARN_STRICT_PROTOTYPES = YES;
				CLANG_WARN_SUSPICIOUS_MOVE = YES;
				CLANG_WARN_UNGUARDED_AVAILABILITY = YES_AGGRESSIVE;
				CLANG_WARN_UNREACHABLE_CODE = YES;
				CLANG_WARN__DUPLICATE_METHOD_MATCH = YES;
				COPY_PHASE_STRIP = NO;
				DEBUG_INFORMATION_FORMAT = "dwarf-with-dsym";
				ENABLE_NS_ASSERTIONS = NO;
				ENABLE_STRICT_OBJC_MSGSEND = YES;
				GCC_C_LANGUAGE_STANDARD = gnu11;
				GCC_NO_COMMON_BLOCKS = YES;
				GCC_WARN_64_TO_32_BIT_CONVERSION = YES;
				GCC_WARN_ABOUT_RETURN_TYPE = YES_ERROR;
				GCC_WARN_UNDECLARED_SELECTOR = YES;
				GCC_WARN_UNINITIALIZED_AUTOS = YES_AGGRESSIVE;
				GCC_WARN_UNUSED_FUNCTION = YES;
				GCC_WARN_UNUSED_VARIABLE = YES;
				IPHONEOS_DEPLOYMENT_TARGET = 13.0;
				MTL_ENABLE_DEBUG_INFO = NO;
				MTL_FAST_MATH = YES;
				SDKROOT = iphoneos;
				SWIFT_COMPILATION_MODE = wholemodule;
				SWIFT_OPTIMIZATION_LEVEL = "-O";
				VALIDATE_PRODUCT = YES;
			};
			name = Release;
		};
		6CBFCBAD24C07473002415DF /* Debug */ = {
			isa = XCBuildConfiguration;
			buildSettings = {
				ASSETCATALOG_COMPILER_APPICON_NAME = AppIcon;
				CODE_SIGN_STYLE = Automatic;
				DEVELOPMENT_TEAM = LK82N6733G;
				INFOPLIST_FILE = "SampleProject-RxSwift/Info.plist";
				LD_RUNPATH_SEARCH_PATHS = (
					"$(inherited)",
					"@executable_path/Frameworks",
				);
				PRODUCT_BUNDLE_IDENTIFIER = "jswal-sakshi.SampleProject-RxSwift";
				PRODUCT_NAME = "$(TARGET_NAME)";
				SWIFT_VERSION = 5.0;
				TARGETED_DEVICE_FAMILY = "1,2";
			};
			name = Debug;
		};
		6CBFCBAE24C07473002415DF /* Release */ = {
			isa = XCBuildConfiguration;
			buildSettings = {
				ASSETCATALOG_COMPILER_APPICON_NAME = AppIcon;
				CODE_SIGN_STYLE = Automatic;
				DEVELOPMENT_TEAM = LK82N6733G;
				INFOPLIST_FILE = "SampleProject-RxSwift/Info.plist";
				LD_RUNPATH_SEARCH_PATHS = (
					"$(inherited)",
					"@executable_path/Frameworks",
				);
				PRODUCT_BUNDLE_IDENTIFIER = "jswal-sakshi.SampleProject-RxSwift";
				PRODUCT_NAME = "$(TARGET_NAME)";
				SWIFT_VERSION = 5.0;
				TARGETED_DEVICE_FAMILY = "1,2";
			};
			name = Release;
		};
/* End XCBuildConfiguration section */

/* Begin XCConfigurationList section */
		6CBFCB9324C0746D002415DF /* Build configuration list for PBXProject "SampleProject-RxSwift" */ = {
			isa = XCConfigurationList;
			buildConfigurations = (
				6CBFCBAA24C07473002415DF /* Debug */,
				6CBFCBAB24C07473002415DF /* Release */,
			);
			defaultConfigurationIsVisible = 0;
			defaultConfigurationName = Release;
		};
		6CBFCBAC24C07473002415DF /* Build configuration list for PBXNativeTarget "SampleProject-RxSwift" */ = {
			isa = XCConfigurationList;
			buildConfigurations = (
				6CBFCBAD24C07473002415DF /* Debug */,
				6CBFCBAE24C07473002415DF /* Release */,
			);
			defaultConfigurationIsVisible = 0;
			defaultConfigurationName = Release;
		};
/* End XCConfigurationList section */
	};
	rootObject = 6CBFCB9024C0746D002415DF /* Project object */;
}
